// !$*UTF8*$!
{
	archiveVersion = 1;
	classes = {
	};
	objectVersion = 56;
	objects = {

/* Begin PBXBuildFile section */
		AB2A723B2CDDBFCE0027C64A /* HandmadeApp.swift in Sources */ = {isa = PBXBuildFile; fileRef = AB2A723A2CDDBFCE0027C64A /* HandmadeApp.swift */; };
		AB2A723F2CDDBFD10027C64A /* Assets.xcassets in Resources */ = {isa = PBXBuildFile; fileRef = AB2A723E2CDDBFD10027C64A /* Assets.xcassets */; };
		AB2A72422CDDBFD10027C64A /* Preview Assets.xcassets in Resources */ = {isa = PBXBuildFile; fileRef = AB2A72412CDDBFD10027C64A /* Preview Assets.xcassets */; };
		AB2A724C2CDDBFD20027C64A /* HandmadeTests.swift in Sources */ = {isa = PBXBuildFile; fileRef = AB2A724B2CDDBFD20027C64A /* HandmadeTests.swift */; };
		AB2A72562CDDBFD20027C64A /* HandmadeUITests.swift in Sources */ = {isa = PBXBuildFile; fileRef = AB2A72552CDDBFD20027C64A /* HandmadeUITests.swift */; };
		AB2A72582CDDBFD20027C64A /* HandmadeUITestsLaunchTests.swift in Sources */ = {isa = PBXBuildFile; fileRef = AB2A72572CDDBFD20027C64A /* HandmadeUITestsLaunchTests.swift */; };
		AB2A72692CDDC1580027C64A /* GoogleService-Info.plist in Resources */ = {isa = PBXBuildFile; fileRef = AB2A72682CDDC1580027C64A /* GoogleService-Info.plist */; };
		AB2A726C2CDDC27F0027C64A /* FirebaseAnalytics in Frameworks */ = {isa = PBXBuildFile; productRef = AB2A726B2CDDC27F0027C64A /* FirebaseAnalytics */; };
		AB2A726E2CDDC27F0027C64A /* FirebaseAnalyticsOnDeviceConversion in Frameworks */ = {isa = PBXBuildFile; productRef = AB2A726D2CDDC27F0027C64A /* FirebaseAnalyticsOnDeviceConversion */; };
		AB2A72702CDDC27F0027C64A /* FirebaseAnalyticsWithoutAdIdSupport in Frameworks */ = {isa = PBXBuildFile; productRef = AB2A726F2CDDC27F0027C64A /* FirebaseAnalyticsWithoutAdIdSupport */; };
		AB2A72722CDDC27F0027C64A /* FirebaseAuth in Frameworks */ = {isa = PBXBuildFile; productRef = AB2A72712CDDC27F0027C64A /* FirebaseAuth */; };
		AB2A72742CDDC27F0027C64A /* FirebaseCore in Frameworks */ = {isa = PBXBuildFile; productRef = AB2A72732CDDC27F0027C64A /* FirebaseCore */; };
		AB2A72762CDDC27F0027C64A /* FirebaseDatabase in Frameworks */ = {isa = PBXBuildFile; productRef = AB2A72752CDDC27F0027C64A /* FirebaseDatabase */; };
		AB2A72782CDDC27F0027C64A /* FirebaseFirestore in Frameworks */ = {isa = PBXBuildFile; productRef = AB2A72772CDDC27F0027C64A /* FirebaseFirestore */; };
		AB2A727A2CDDC27F0027C64A /* FirebaseFirestoreCombine-Community in Frameworks */ = {isa = PBXBuildFile; productRef = AB2A72792CDDC27F0027C64A /* FirebaseFirestoreCombine-Community */; };
		AB2A727F2CDDC3530027C64A /* RootView.swift in Sources */ = {isa = PBXBuildFile; fileRef = AB2A727B2CDDC3530027C64A /* RootView.swift */; };
		AB2A72812CDDC3530027C64A /* MainTabView.swift in Sources */ = {isa = PBXBuildFile; fileRef = AB2A727D2CDDC3530027C64A /* MainTabView.swift */; };
		AB2A72822CDDC3530027C64A /* LoadingView.swift in Sources */ = {isa = PBXBuildFile; fileRef = AB2A727E2CDDC3530027C64A /* LoadingView.swift */; };
		AB2A729A2CDDC3DC0027C64A /* CartItem.swift in Sources */ = {isa = PBXBuildFile; fileRef = AB2A72842CDDC3DB0027C64A /* CartItem.swift */; };
		AB2A729B2CDDC3DC0027C64A /* Order.swift in Sources */ = {isa = PBXBuildFile; fileRef = AB2A72852CDDC3DB0027C64A /* Order.swift */; };
		AB2A729C2CDDC3DC0027C64A /* Product.swift in Sources */ = {isa = PBXBuildFile; fileRef = AB2A72862CDDC3DB0027C64A /* Product.swift */; };
		AB2A729D2CDDC3DC0027C64A /* User.swift in Sources */ = {isa = PBXBuildFile; fileRef = AB2A72872CDDC3DB0027C64A /* User.swift */; };
		AB2A72A32CDDC3DC0027C64A /* ProductService.swift in Sources */ = {isa = PBXBuildFile; fileRef = AB2A728F2CDDC3DB0027C64A /* ProductService.swift */; };
		AB2A72A42CDDC3DC0027C64A /* StripeService.swift in Sources */ = {isa = PBXBuildFile; fileRef = AB2A72902CDDC3DB0027C64A /* StripeService.swift */; };
		AB2A72A52CDDC3DC0027C64A /* CartViewModel.swift in Sources */ = {isa = PBXBuildFile; fileRef = AB2A72922CDDC3DB0027C64A /* CartViewModel.swift */; };
		AB2A72A62CDDC3DC0027C64A /* ProductViewModel.swift in Sources */ = {isa = PBXBuildFile; fileRef = AB2A72932CDDC3DB0027C64A /* ProductViewModel.swift */; };
		AB2A72A92CDDC3DC0027C64A /* Helpers.swift in Sources */ = {isa = PBXBuildFile; fileRef = AB2A72972CDDC3DC0027C64A /* Helpers.swift */; };
		AB2A72C42CDDC4070027C64A /* HomeView.swift in Sources */ = {isa = PBXBuildFile; fileRef = AB2A72AA2CDDC4060027C64A /* HomeView.swift */; };
		AB2A72C52CDDC4070027C64A /* CartView.swift in Sources */ = {isa = PBXBuildFile; fileRef = AB2A72AD2CDDC4060027C64A /* CartView.swift */; };
		AB2A72C62CDDC4070027C64A /* CheckoutView.swift in Sources */ = {isa = PBXBuildFile; fileRef = AB2A72AE2CDDC4060027C64A /* CheckoutView.swift */; };
		AB2A72C72CDDC4070027C64A /* ProfileView.swift in Sources */ = {isa = PBXBuildFile; fileRef = AB2A72B12CDDC4060027C64A /* ProfileView.swift */; };
		AB2A72C82CDDC4070027C64A /* SavedViewModel.swift in Sources */ = {isa = PBXBuildFile; fileRef = AB2A72B42CDDC4070027C64A /* SavedViewModel.swift */; };
		AB2A72C92CDDC4070027C64A /* SavedView.swift in Sources */ = {isa = PBXBuildFile; fileRef = AB2A72B62CDDC4070027C64A /* SavedView.swift */; };
		AB2A72CA2CDDC4070027C64A /* SearchViewModel.swift in Sources */ = {isa = PBXBuildFile; fileRef = AB2A72B92CDDC4070027C64A /* SearchViewModel.swift */; };
		AB2A72CB2CDDC4070027C64A /* SearchView.swift in Sources */ = {isa = PBXBuildFile; fileRef = AB2A72BB2CDDC4070027C64A /* SearchView.swift */; };
		AB2A72CC2CDDC4070027C64A /* AuthViewModel.swift in Sources */ = {isa = PBXBuildFile; fileRef = AB2A72BE2CDDC4070027C64A /* AuthViewModel.swift */; };
		AB2A72CD2CDDC4080027C64A /* LoginView.swift in Sources */ = {isa = PBXBuildFile; fileRef = AB2A72C02CDDC4070027C64A /* LoginView.swift */; };
		AB2A72CE2CDDC4080027C64A /* SignUpView.swift in Sources */ = {isa = PBXBuildFile; fileRef = AB2A72C12CDDC4070027C64A /* SignUpView.swift */; };
		AB2A72D52CDDC4110027C64A /* InputView.swift in Sources */ = {isa = PBXBuildFile; fileRef = AB2A72D02CDDC4110027C64A /* InputView.swift */; };
		AB2A72D62CDDC4110027C64A /* ProductCardView.swift in Sources */ = {isa = PBXBuildFile; fileRef = AB2A72D12CDDC4110027C64A /* ProductCardView.swift */; };
		AB2A72D72CDDC4110027C64A /* SettingsRowView.swift in Sources */ = {isa = PBXBuildFile; fileRef = AB2A72D22CDDC4110027C64A /* SettingsRowView.swift */; };
		AB2A72D92CDDC5880027C64A /* CartProductView.swift in Sources */ = {isa = PBXBuildFile; fileRef = AB2A72D82CDDC5880027C64A /* CartProductView.swift */; };
		AB5B44A72CF9884800BD9FA0 /* ProductView.swift in Sources */ = {isa = PBXBuildFile; fileRef = AB5B44A62CF9884800BD9FA0 /* ProductView.swift */; };
		AB5B44A92CFA9C7700BD9FA0 /* ReviewView.swift in Sources */ = {isa = PBXBuildFile; fileRef = AB5B44A82CFA9C7700BD9FA0 /* ReviewView.swift */; };
/* End PBXBuildFile section */

/* Begin PBXContainerItemProxy section */
		AB2A72482CDDBFD20027C64A /* PBXContainerItemProxy */ = {
			isa = PBXContainerItemProxy;
			containerPortal = AB2A722F2CDDBFCE0027C64A /* Project object */;
			proxyType = 1;
			remoteGlobalIDString = AB2A72362CDDBFCE0027C64A;
			remoteInfo = Handmade;
		};
		AB2A72522CDDBFD20027C64A /* PBXContainerItemProxy */ = {
			isa = PBXContainerItemProxy;
			containerPortal = AB2A722F2CDDBFCE0027C64A /* Project object */;
			proxyType = 1;
			remoteGlobalIDString = AB2A72362CDDBFCE0027C64A;
			remoteInfo = Handmade;
		};
/* End PBXContainerItemProxy section */

/* Begin PBXFileReference section */
		AB2A72372CDDBFCE0027C64A /* Handmade.app */ = {isa = PBXFileReference; explicitFileType = wrapper.application; includeInIndex = 0; path = Handmade.app; sourceTree = BUILT_PRODUCTS_DIR; };
		AB2A723A2CDDBFCE0027C64A /* HandmadeApp.swift */ = {isa = PBXFileReference; lastKnownFileType = sourcecode.swift; path = HandmadeApp.swift; sourceTree = "<group>"; };
		AB2A723E2CDDBFD10027C64A /* Assets.xcassets */ = {isa = PBXFileReference; lastKnownFileType = folder.assetcatalog; path = Assets.xcassets; sourceTree = "<group>"; };
		AB2A72412CDDBFD10027C64A /* Preview Assets.xcassets */ = {isa = PBXFileReference; lastKnownFileType = folder.assetcatalog; path = "Preview Assets.xcassets"; sourceTree = "<group>"; };
		AB2A72472CDDBFD20027C64A /* HandmadeTests.xctest */ = {isa = PBXFileReference; explicitFileType = wrapper.cfbundle; includeInIndex = 0; path = HandmadeTests.xctest; sourceTree = BUILT_PRODUCTS_DIR; };
		AB2A724B2CDDBFD20027C64A /* HandmadeTests.swift */ = {isa = PBXFileReference; lastKnownFileType = sourcecode.swift; path = HandmadeTests.swift; sourceTree = "<group>"; };
		AB2A72512CDDBFD20027C64A /* HandmadeUITests.xctest */ = {isa = PBXFileReference; explicitFileType = wrapper.cfbundle; includeInIndex = 0; path = HandmadeUITests.xctest; sourceTree = BUILT_PRODUCTS_DIR; };
		AB2A72552CDDBFD20027C64A /* HandmadeUITests.swift */ = {isa = PBXFileReference; lastKnownFileType = sourcecode.swift; path = HandmadeUITests.swift; sourceTree = "<group>"; };
		AB2A72572CDDBFD20027C64A /* HandmadeUITestsLaunchTests.swift */ = {isa = PBXFileReference; lastKnownFileType = sourcecode.swift; path = HandmadeUITestsLaunchTests.swift; sourceTree = "<group>"; };
		AB2A72682CDDC1580027C64A /* GoogleService-Info.plist */ = {isa = PBXFileReference; fileEncoding = 4; lastKnownFileType = text.plist.xml; path = "GoogleService-Info.plist"; sourceTree = "<group>"; };
		AB2A727B2CDDC3530027C64A /* RootView.swift */ = {isa = PBXFileReference; fileEncoding = 4; lastKnownFileType = sourcecode.swift; path = RootView.swift; sourceTree = "<group>"; };
		AB2A727D2CDDC3530027C64A /* MainTabView.swift */ = {isa = PBXFileReference; fileEncoding = 4; lastKnownFileType = sourcecode.swift; path = MainTabView.swift; sourceTree = "<group>"; };
		AB2A727E2CDDC3530027C64A /* LoadingView.swift */ = {isa = PBXFileReference; fileEncoding = 4; lastKnownFileType = sourcecode.swift; path = LoadingView.swift; sourceTree = "<group>"; };
		AB2A72842CDDC3DB0027C64A /* CartItem.swift */ = {isa = PBXFileReference; fileEncoding = 4; lastKnownFileType = sourcecode.swift; path = CartItem.swift; sourceTree = "<group>"; };
		AB2A72852CDDC3DB0027C64A /* Order.swift */ = {isa = PBXFileReference; fileEncoding = 4; lastKnownFileType = sourcecode.swift; path = Order.swift; sourceTree = "<group>"; };
		AB2A72862CDDC3DB0027C64A /* Product.swift */ = {isa = PBXFileReference; fileEncoding = 4; lastKnownFileType = sourcecode.swift; path = Product.swift; sourceTree = "<group>"; };
		AB2A72872CDDC3DB0027C64A /* User.swift */ = {isa = PBXFileReference; fileEncoding = 4; lastKnownFileType = sourcecode.swift; path = User.swift; sourceTree = "<group>"; };
		AB2A728F2CDDC3DB0027C64A /* ProductService.swift */ = {isa = PBXFileReference; fileEncoding = 4; lastKnownFileType = sourcecode.swift; path = ProductService.swift; sourceTree = "<group>"; };
		AB2A72902CDDC3DB0027C64A /* StripeService.swift */ = {isa = PBXFileReference; fileEncoding = 4; lastKnownFileType = sourcecode.swift; path = StripeService.swift; sourceTree = "<group>"; };
		AB2A72922CDDC3DB0027C64A /* CartViewModel.swift */ = {isa = PBXFileReference; fileEncoding = 4; lastKnownFileType = sourcecode.swift; path = CartViewModel.swift; sourceTree = "<group>"; };
		AB2A72932CDDC3DB0027C64A /* ProductViewModel.swift */ = {isa = PBXFileReference; fileEncoding = 4; lastKnownFileType = sourcecode.swift; path = ProductViewModel.swift; sourceTree = "<group>"; };
		AB2A72972CDDC3DC0027C64A /* Helpers.swift */ = {isa = PBXFileReference; fileEncoding = 4; lastKnownFileType = sourcecode.swift; path = Helpers.swift; sourceTree = "<group>"; };
		AB2A72AA2CDDC4060027C64A /* HomeView.swift */ = {isa = PBXFileReference; fileEncoding = 4; lastKnownFileType = sourcecode.swift; path = HomeView.swift; sourceTree = "<group>"; };
		AB2A72AD2CDDC4060027C64A /* CartView.swift */ = {isa = PBXFileReference; fileEncoding = 4; lastKnownFileType = sourcecode.swift; path = CartView.swift; sourceTree = "<group>"; };
		AB2A72AE2CDDC4060027C64A /* CheckoutView.swift */ = {isa = PBXFileReference; fileEncoding = 4; lastKnownFileType = sourcecode.swift; path = CheckoutView.swift; sourceTree = "<group>"; };
		AB2A72B12CDDC4060027C64A /* ProfileView.swift */ = {isa = PBXFileReference; fileEncoding = 4; lastKnownFileType = sourcecode.swift; path = ProfileView.swift; sourceTree = "<group>"; };
		AB2A72B42CDDC4070027C64A /* SavedViewModel.swift */ = {isa = PBXFileReference; fileEncoding = 4; lastKnownFileType = sourcecode.swift; path = SavedViewModel.swift; sourceTree = "<group>"; };
		AB2A72B62CDDC4070027C64A /* SavedView.swift */ = {isa = PBXFileReference; fileEncoding = 4; lastKnownFileType = sourcecode.swift; path = SavedView.swift; sourceTree = "<group>"; };
		AB2A72B92CDDC4070027C64A /* SearchViewModel.swift */ = {isa = PBXFileReference; fileEncoding = 4; lastKnownFileType = sourcecode.swift; path = SearchViewModel.swift; sourceTree = "<group>"; };
		AB2A72BB2CDDC4070027C64A /* SearchView.swift */ = {isa = PBXFileReference; fileEncoding = 4; lastKnownFileType = sourcecode.swift; path = SearchView.swift; sourceTree = "<group>"; };
		AB2A72BE2CDDC4070027C64A /* AuthViewModel.swift */ = {isa = PBXFileReference; fileEncoding = 4; lastKnownFileType = sourcecode.swift; path = AuthViewModel.swift; sourceTree = "<group>"; };
		AB2A72C02CDDC4070027C64A /* LoginView.swift */ = {isa = PBXFileReference; fileEncoding = 4; lastKnownFileType = sourcecode.swift; path = LoginView.swift; sourceTree = "<group>"; };
		AB2A72C12CDDC4070027C64A /* SignUpView.swift */ = {isa = PBXFileReference; fileEncoding = 4; lastKnownFileType = sourcecode.swift; path = SignUpView.swift; sourceTree = "<group>"; };
		AB2A72D02CDDC4110027C64A /* InputView.swift */ = {isa = PBXFileReference; fileEncoding = 4; lastKnownFileType = sourcecode.swift; path = InputView.swift; sourceTree = "<group>"; };
		AB2A72D12CDDC4110027C64A /* ProductCardView.swift */ = {isa = PBXFileReference; fileEncoding = 4; lastKnownFileType = sourcecode.swift; path = ProductCardView.swift; sourceTree = "<group>"; };
		AB2A72D22CDDC4110027C64A /* SettingsRowView.swift */ = {isa = PBXFileReference; fileEncoding = 4; lastKnownFileType = sourcecode.swift; path = SettingsRowView.swift; sourceTree = "<group>"; };
		AB2A72D82CDDC5880027C64A /* CartProductView.swift */ = {isa = PBXFileReference; fileEncoding = 4; lastKnownFileType = sourcecode.swift; path = CartProductView.swift; sourceTree = "<group>"; };
		AB5B44A62CF9884800BD9FA0 /* ProductView.swift */ = {isa = PBXFileReference; lastKnownFileType = sourcecode.swift; path = ProductView.swift; sourceTree = "<group>"; };
		AB5B44A82CFA9C7700BD9FA0 /* ReviewView.swift */ = {isa = PBXFileReference; lastKnownFileType = sourcecode.swift; path = ReviewView.swift; sourceTree = "<group>"; };
/* End PBXFileReference section */

/* Begin PBXFrameworksBuildPhase section */
		AB2A72342CDDBFCE0027C64A /* Frameworks */ = {
			isa = PBXFrameworksBuildPhase;
			buildActionMask = 2147483647;
			files = (
				AB2A72762CDDC27F0027C64A /* FirebaseDatabase in Frameworks */,
				AB2A727A2CDDC27F0027C64A /* FirebaseFirestoreCombine-Community in Frameworks */,
				AB2A726C2CDDC27F0027C64A /* FirebaseAnalytics in Frameworks */,
				AB2A72742CDDC27F0027C64A /* FirebaseCore in Frameworks */,
				AB2A72702CDDC27F0027C64A /* FirebaseAnalyticsWithoutAdIdSupport in Frameworks */,
				AB2A726E2CDDC27F0027C64A /* FirebaseAnalyticsOnDeviceConversion in Frameworks */,
				AB2A72722CDDC27F0027C64A /* FirebaseAuth in Frameworks */,
				AB2A72782CDDC27F0027C64A /* FirebaseFirestore in Frameworks */,
			);
			runOnlyForDeploymentPostprocessing = 0;
		};
		AB2A72442CDDBFD20027C64A /* Frameworks */ = {
			isa = PBXFrameworksBuildPhase;
			buildActionMask = 2147483647;
			files = (
			);
			runOnlyForDeploymentPostprocessing = 0;
		};
		AB2A724E2CDDBFD20027C64A /* Frameworks */ = {
			isa = PBXFrameworksBuildPhase;
			buildActionMask = 2147483647;
			files = (
			);
			runOnlyForDeploymentPostprocessing = 0;
		};
/* End PBXFrameworksBuildPhase section */

/* Begin PBXGroup section */
		AB2A722E2CDDBFCE0027C64A = {
			isa = PBXGroup;
			children = (
				AB2A72392CDDBFCE0027C64A /* Handmade */,
				AB2A724A2CDDBFD20027C64A /* HandmadeTests */,
				AB2A72542CDDBFD20027C64A /* HandmadeUITests */,
				AB2A72682CDDC1580027C64A /* GoogleService-Info.plist */,
				AB2A72382CDDBFCE0027C64A /* Products */,
			);
			sourceTree = "<group>";
		};
		AB2A72382CDDBFCE0027C64A /* Products */ = {
			isa = PBXGroup;
			children = (
				AB2A72372CDDBFCE0027C64A /* Handmade.app */,
				AB2A72472CDDBFD20027C64A /* HandmadeTests.xctest */,
				AB2A72512CDDBFD20027C64A /* HandmadeUITests.xctest */,
			);
			name = Products;
			sourceTree = "<group>";
		};
		AB2A72392CDDBFCE0027C64A /* Handmade */ = {
			isa = PBXGroup;
			children = (
				AB2A72642CDDBFE90027C64A /* App */,
				AB2A72662CDDC00E0027C64A /* Core */,
				AB2A72672CDDC0140027C64A /* Features */,
				AB2A72652CDDBFEE0027C64A /* Shared */,
				AB2A723E2CDDBFD10027C64A /* Assets.xcassets */,
				AB2A72402CDDBFD10027C64A /* Preview Content */,
			);
			path = Handmade;
			sourceTree = "<group>";
		};
		AB2A72402CDDBFD10027C64A /* Preview Content */ = {
			isa = PBXGroup;
			children = (
				AB2A72412CDDBFD10027C64A /* Preview Assets.xcassets */,
			);
			path = "Preview Content";
			sourceTree = "<group>";
		};
		AB2A724A2CDDBFD20027C64A /* HandmadeTests */ = {
			isa = PBXGroup;
			children = (
				AB2A724B2CDDBFD20027C64A /* HandmadeTests.swift */,
			);
			path = HandmadeTests;
			sourceTree = "<group>";
		};
		AB2A72542CDDBFD20027C64A /* HandmadeUITests */ = {
			isa = PBXGroup;
			children = (
				AB2A72552CDDBFD20027C64A /* HandmadeUITests.swift */,
				AB2A72572CDDBFD20027C64A /* HandmadeUITestsLaunchTests.swift */,
			);
			path = HandmadeUITests;
			sourceTree = "<group>";
		};
		AB2A72642CDDBFE90027C64A /* App */ = {
			isa = PBXGroup;
			children = (
				AB2A727E2CDDC3530027C64A /* LoadingView.swift */,
				AB2A727D2CDDC3530027C64A /* MainTabView.swift */,
				AB2A727B2CDDC3530027C64A /* RootView.swift */,
				AB2A723A2CDDBFCE0027C64A /* HandmadeApp.swift */,
			);
			path = App;
			sourceTree = "<group>";
		};
		AB2A72652CDDBFEE0027C64A /* Shared */ = {
			isa = PBXGroup;
			children = (
				AB2A72DA2CDDC5950027C64A /* Modifiers */,
				AB2A72DB2CDDC5950027C64A /* Styles */,
				AB2A72D32CDDC4110027C64A /* Components */,
			);
			path = Shared;
			sourceTree = "<group>";
		};
		AB2A72662CDDC00E0027C64A /* Core */ = {
			isa = PBXGroup;
			children = (
				AB2A72882CDDC3DB0027C64A /* Models */,
				AB2A72952CDDC3DB0027C64A /* ViewModels */,
				AB2A72912CDDC3DB0027C64A /* Services */,
				AB2A72982CDDC3DC0027C64A /* Utilities */,
			);
			path = Core;
			sourceTree = "<group>";
		};
		AB2A72672CDDC0140027C64A /* Features */ = {
			isa = PBXGroup;
			children = (
				AB2A72C32CDDC4070027C64A /* Auth */,
				AB2A72B02CDDC4060027C64A /* Cart */,
				AB2A72AC2CDDC4060027C64A /* Home */,
				AB2A72B32CDDC4060027C64A /* Profile */,
				AB2A72B82CDDC4070027C64A /* Saved */,
				AB2A72BD2CDDC4070027C64A /* Search */,
			);
			path = Features;
			sourceTree = "<group>";
		};
		AB2A72882CDDC3DB0027C64A /* Models */ = {
			isa = PBXGroup;
			children = (
				AB2A72842CDDC3DB0027C64A /* CartItem.swift */,
				AB2A72852CDDC3DB0027C64A /* Order.swift */,
				AB2A72862CDDC3DB0027C64A /* Product.swift */,
				AB2A72872CDDC3DB0027C64A /* User.swift */,
			);
			path = Models;
			sourceTree = "<group>";
		};
		AB2A72912CDDC3DB0027C64A /* Services */ = {
			isa = PBXGroup;
			children = (
				AB2A728F2CDDC3DB0027C64A /* ProductService.swift */,
				AB2A72902CDDC3DB0027C64A /* StripeService.swift */,
			);
			path = Services;
			sourceTree = "<group>";
		};
		AB2A72952CDDC3DB0027C64A /* ViewModels */ = {
			isa = PBXGroup;
			children = (
				AB2A72932CDDC3DB0027C64A /* ProductViewModel.swift */,
			);
			path = ViewModels;
			sourceTree = "<group>";
		};
		AB2A72982CDDC3DC0027C64A /* Utilities */ = {
			isa = PBXGroup;
			children = (
				AB2A72972CDDC3DC0027C64A /* Helpers.swift */,
			);
			path = Utilities;
			sourceTree = "<group>";
		};
		AB2A72AC2CDDC4060027C64A /* Home */ = {
			isa = PBXGroup;
			children = (
				AB2A72AA2CDDC4060027C64A /* HomeView.swift */,
			);
			path = Home;
			sourceTree = "<group>";
		};
		AB2A72B02CDDC4060027C64A /* Cart */ = {
			isa = PBXGroup;
			children = (
				AB2A72922CDDC3DB0027C64A /* CartViewModel.swift */,
				AB2A72AD2CDDC4060027C64A /* CartView.swift */,
				AB2A72AE2CDDC4060027C64A /* CheckoutView.swift */,
			);
			path = Cart;
			sourceTree = "<group>";
		};
		AB2A72B32CDDC4060027C64A /* Profile */ = {
			isa = PBXGroup;
			children = (
				AB2A72B12CDDC4060027C64A /* ProfileView.swift */,
			);
			path = Profile;
			sourceTree = "<group>";
		};
		AB2A72B82CDDC4070027C64A /* Saved */ = {
			isa = PBXGroup;
			children = (
				AB2A72B42CDDC4070027C64A /* SavedViewModel.swift */,
				AB2A72B62CDDC4070027C64A /* SavedView.swift */,
			);
			path = Saved;
			sourceTree = "<group>";
		};
		AB2A72BD2CDDC4070027C64A /* Search */ = {
			isa = PBXGroup;
			children = (
				AB2A72B92CDDC4070027C64A /* SearchViewModel.swift */,
				AB2A72BB2CDDC4070027C64A /* SearchView.swift */,
			);
			path = Search;
			sourceTree = "<group>";
		};
		AB2A72C32CDDC4070027C64A /* Auth */ = {
			isa = PBXGroup;
			children = (
				AB2A72BE2CDDC4070027C64A /* AuthViewModel.swift */,
				AB2A72C02CDDC4070027C64A /* LoginView.swift */,
				AB2A72C12CDDC4070027C64A /* SignUpView.swift */,
			);
			path = Auth;
			sourceTree = "<group>";
		};
		AB2A72D32CDDC4110027C64A /* Components */ = {
			isa = PBXGroup;
			children = (
				AB2A72D82CDDC5880027C64A /* CartProductView.swift */,
				AB2A72D02CDDC4110027C64A /* InputView.swift */,
				AB2A72D12CDDC4110027C64A /* ProductCardView.swift */,
				AB5B44A62CF9884800BD9FA0 /* ProductView.swift */,
				AB2A72D22CDDC4110027C64A /* SettingsRowView.swift */,
				AB5B44A82CFA9C7700BD9FA0 /* ReviewView.swift */,
			);
			path = Components;
			sourceTree = "<group>";
		};
		AB2A72DA2CDDC5950027C64A /* Modifiers */ = {
			isa = PBXGroup;
			children = (
			);
			path = Modifiers;
			sourceTree = "<group>";
		};
		AB2A72DB2CDDC5950027C64A /* Styles */ = {
			isa = PBXGroup;
			children = (
			);
			path = Styles;
			sourceTree = "<group>";
		};
/* End PBXGroup section */

/* Begin PBXNativeTarget section */
		AB2A72362CDDBFCE0027C64A /* Handmade */ = {
			isa = PBXNativeTarget;
			buildConfigurationList = AB2A725B2CDDBFD20027C64A /* Build configuration list for PBXNativeTarget "Handmade" */;
			buildPhases = (
				AB2A72332CDDBFCE0027C64A /* Sources */,
				AB2A72342CDDBFCE0027C64A /* Frameworks */,
				AB2A72352CDDBFCE0027C64A /* Resources */,
			);
			buildRules = (
			);
			dependencies = (
			);
			name = Handmade;
			packageProductDependencies = (
				AB2A726B2CDDC27F0027C64A /* FirebaseAnalytics */,
				AB2A726D2CDDC27F0027C64A /* FirebaseAnalyticsOnDeviceConversion */,
				AB2A726F2CDDC27F0027C64A /* FirebaseAnalyticsWithoutAdIdSupport */,
				AB2A72712CDDC27F0027C64A /* FirebaseAuth */,
				AB2A72732CDDC27F0027C64A /* FirebaseCore */,
				AB2A72752CDDC27F0027C64A /* FirebaseDatabase */,
				AB2A72772CDDC27F0027C64A /* FirebaseFirestore */,
				AB2A72792CDDC27F0027C64A /* FirebaseFirestoreCombine-Community */,
			);
			productName = Handmade;
			productReference = AB2A72372CDDBFCE0027C64A /* Handmade.app */;
			productType = "com.apple.product-type.application";
		};
		AB2A72462CDDBFD20027C64A /* HandmadeTests */ = {
			isa = PBXNativeTarget;
			buildConfigurationList = AB2A725E2CDDBFD20027C64A /* Build configuration list for PBXNativeTarget "HandmadeTests" */;
			buildPhases = (
				AB2A72432CDDBFD20027C64A /* Sources */,
				AB2A72442CDDBFD20027C64A /* Frameworks */,
				AB2A72452CDDBFD20027C64A /* Resources */,
			);
			buildRules = (
			);
			dependencies = (
				AB2A72492CDDBFD20027C64A /* PBXTargetDependency */,
			);
			name = HandmadeTests;
			productName = HandmadeTests;
			productReference = AB2A72472CDDBFD20027C64A /* HandmadeTests.xctest */;
			productType = "com.apple.product-type.bundle.unit-test";
		};
		AB2A72502CDDBFD20027C64A /* HandmadeUITests */ = {
			isa = PBXNativeTarget;
			buildConfigurationList = AB2A72612CDDBFD20027C64A /* Build configuration list for PBXNativeTarget "HandmadeUITests" */;
			buildPhases = (
				AB2A724D2CDDBFD20027C64A /* Sources */,
				AB2A724E2CDDBFD20027C64A /* Frameworks */,
				AB2A724F2CDDBFD20027C64A /* Resources */,
			);
			buildRules = (
			);
			dependencies = (
				AB2A72532CDDBFD20027C64A /* PBXTargetDependency */,
			);
			name = HandmadeUITests;
			productName = HandmadeUITests;
			productReference = AB2A72512CDDBFD20027C64A /* HandmadeUITests.xctest */;
			productType = "com.apple.product-type.bundle.ui-testing";
		};
/* End PBXNativeTarget section */

/* Begin PBXProject section */
		AB2A722F2CDDBFCE0027C64A /* Project object */ = {
			isa = PBXProject;
			attributes = {
				BuildIndependentTargetsInParallel = 1;
				LastSwiftUpdateCheck = 1540;
				LastUpgradeCheck = 1540;
				TargetAttributes = {
					AB2A72362CDDBFCE0027C64A = {
						CreatedOnToolsVersion = 15.4;
					};
					AB2A72462CDDBFD20027C64A = {
						CreatedOnToolsVersion = 15.4;
						TestTargetID = AB2A72362CDDBFCE0027C64A;
					};
					AB2A72502CDDBFD20027C64A = {
						CreatedOnToolsVersion = 15.4;
						TestTargetID = AB2A72362CDDBFCE0027C64A;
					};
				};
			};
			buildConfigurationList = AB2A72322CDDBFCE0027C64A /* Build configuration list for PBXProject "Handmade" */;
			compatibilityVersion = "Xcode 14.0";
			developmentRegion = en;
			hasScannedForEncodings = 0;
			knownRegions = (
				en,
				Base,
			);
			mainGroup = AB2A722E2CDDBFCE0027C64A;
			packageReferences = (
				AB2A726A2CDDC27E0027C64A /* XCRemoteSwiftPackageReference "firebase-ios-sdk" */,
			);
			productRefGroup = AB2A72382CDDBFCE0027C64A /* Products */;
			projectDirPath = "";
			projectRoot = "";
			targets = (
				AB2A72362CDDBFCE0027C64A /* Handmade */,
				AB2A72462CDDBFD20027C64A /* HandmadeTests */,
				AB2A72502CDDBFD20027C64A /* HandmadeUITests */,
			);
		};
/* End PBXProject section */

/* Begin PBXResourcesBuildPhase section */
		AB2A72352CDDBFCE0027C64A /* Resources */ = {
			isa = PBXResourcesBuildPhase;
			buildActionMask = 2147483647;
			files = (
				AB2A72422CDDBFD10027C64A /* Preview Assets.xcassets in Resources */,
				AB2A723F2CDDBFD10027C64A /* Assets.xcassets in Resources */,
				AB2A72692CDDC1580027C64A /* GoogleService-Info.plist in Resources */,
			);
			runOnlyForDeploymentPostprocessing = 0;
		};
		AB2A72452CDDBFD20027C64A /* Resources */ = {
			isa = PBXResourcesBuildPhase;
			buildActionMask = 2147483647;
			files = (
			);
			runOnlyForDeploymentPostprocessing = 0;
		};
		AB2A724F2CDDBFD20027C64A /* Resources */ = {
			isa = PBXResourcesBuildPhase;
			buildActionMask = 2147483647;
			files = (
			);
			runOnlyForDeploymentPostprocessing = 0;
		};
/* End PBXResourcesBuildPhase section */

/* Begin PBXSourcesBuildPhase section */
		AB2A72332CDDBFCE0027C64A /* Sources */ = {
			isa = PBXSourcesBuildPhase;
			buildActionMask = 2147483647;
			files = (
				AB2A723B2CDDBFCE0027C64A /* HandmadeApp.swift in Sources */,
				AB5B44A72CF9884800BD9FA0 /* ProductView.swift in Sources */,
				AB2A72A92CDDC3DC0027C64A /* Helpers.swift in Sources */,
				AB2A72D62CDDC4110027C64A /* ProductCardView.swift in Sources */,
				AB2A72C62CDDC4070027C64A /* CheckoutView.swift in Sources */,
				AB2A729C2CDDC3DC0027C64A /* Product.swift in Sources */,
				AB2A72C92CDDC4070027C64A /* SavedView.swift in Sources */,
				AB2A72D92CDDC5880027C64A /* CartProductView.swift in Sources */,
				AB2A727F2CDDC3530027C64A /* RootView.swift in Sources */,
				AB2A72812CDDC3530027C64A /* MainTabView.swift in Sources */,
				AB5B44A92CFA9C7700BD9FA0 /* ReviewView.swift in Sources */,
				AB2A72A52CDDC3DC0027C64A /* CartViewModel.swift in Sources */,
				AB2A72A42CDDC3DC0027C64A /* StripeService.swift in Sources */,
				AB2A72C42CDDC4070027C64A /* HomeView.swift in Sources */,
				AB2A72822CDDC3530027C64A /* LoadingView.swift in Sources */,
				AB2A729D2CDDC3DC0027C64A /* User.swift in Sources */,
				AB2A729A2CDDC3DC0027C64A /* CartItem.swift in Sources */,
				AB2A72CB2CDDC4070027C64A /* SearchView.swift in Sources */,
				AB2A72A62CDDC3DC0027C64A /* ProductViewModel.swift in Sources */,
				AB2A72D72CDDC4110027C64A /* SettingsRowView.swift in Sources */,
				AB2A72C82CDDC4070027C64A /* SavedViewModel.swift in Sources */,
				AB2A72CA2CDDC4070027C64A /* SearchViewModel.swift in Sources */,
				AB2A729B2CDDC3DC0027C64A /* Order.swift in Sources */,
				AB2A72CD2CDDC4080027C64A /* LoginView.swift in Sources */,
				AB2A72C52CDDC4070027C64A /* CartView.swift in Sources */,
				AB2A72CE2CDDC4080027C64A /* SignUpView.swift in Sources */,
				AB2A72C72CDDC4070027C64A /* ProfileView.swift in Sources */,
				AB2A72D52CDDC4110027C64A /* InputView.swift in Sources */,
				AB2A72CC2CDDC4070027C64A /* AuthViewModel.swift in Sources */,
				AB2A72A32CDDC3DC0027C64A /* ProductService.swift in Sources */,
			);
			runOnlyForDeploymentPostprocessing = 0;
		};
		AB2A72432CDDBFD20027C64A /* Sources */ = {
			isa = PBXSourcesBuildPhase;
			buildActionMask = 2147483647;
			files = (
				AB2A724C2CDDBFD20027C64A /* HandmadeTests.swift in Sources */,
			);
			runOnlyForDeploymentPostprocessing = 0;
		};
		AB2A724D2CDDBFD20027C64A /* Sources */ = {
			isa = PBXSourcesBuildPhase;
			buildActionMask = 2147483647;
			files = (
				AB2A72582CDDBFD20027C64A /* HandmadeUITestsLaunchTests.swift in Sources */,
				AB2A72562CDDBFD20027C64A /* HandmadeUITests.swift in Sources */,
			);
			runOnlyForDeploymentPostprocessing = 0;
		};
/* End PBXSourcesBuildPhase section */

/* Begin PBXTargetDependency section */
		AB2A72492CDDBFD20027C64A /* PBXTargetDependency */ = {
			isa = PBXTargetDependency;
			target = AB2A72362CDDBFCE0027C64A /* Handmade */;
			targetProxy = AB2A72482CDDBFD20027C64A /* PBXContainerItemProxy */;
		};
		AB2A72532CDDBFD20027C64A /* PBXTargetDependency */ = {
			isa = PBXTargetDependency;
			target = AB2A72362CDDBFCE0027C64A /* Handmade */;
			targetProxy = AB2A72522CDDBFD20027C64A /* PBXContainerItemProxy */;
		};
/* End PBXTargetDependency section */

/* Begin XCBuildConfiguration section */
		AB2A72592CDDBFD20027C64A /* Debug */ = {
			isa = XCBuildConfiguration;
			buildSettings = {
				ALWAYS_SEARCH_USER_PATHS = NO;
				ASSETCATALOG_COMPILER_GENERATE_SWIFT_ASSET_SYMBOL_EXTENSIONS = YES;
				CLANG_ANALYZER_NONNULL = YES;
				CLANG_ANALYZER_NUMBER_OBJECT_CONVERSION = YES_AGGRESSIVE;
				CLANG_CXX_LANGUAGE_STANDARD = "gnu++20";
				CLANG_ENABLE_MODULES = YES;
				CLANG_ENABLE_OBJC_ARC = YES;
				CLANG_ENABLE_OBJC_WEAK = YES;
				CLANG_WARN_BLOCK_CAPTURE_AUTORELEASING = YES;
				CLANG_WARN_BOOL_CONVERSION = YES;
				CLANG_WARN_COMMA = YES;
				CLANG_WARN_CONSTANT_CONVERSION = YES;
				CLANG_WARN_DEPRECATED_OBJC_IMPLEMENTATIONS = YES;
				CLANG_WARN_DIRECT_OBJC_ISA_USAGE = YES_ERROR;
				CLANG_WARN_DOCUMENTATION_COMMENTS = YES;
				CLANG_WARN_EMPTY_BODY = YES;
				CLANG_WARN_ENUM_CONVERSION = YES;
				CLANG_WARN_INFINITE_RECURSION = YES;
				CLANG_WARN_INT_CONVERSION = YES;
				CLANG_WARN_NON_LITERAL_NULL_CONVERSION = YES;
				CLANG_WARN_OBJC_IMPLICIT_RETAIN_SELF = YES;
				CLANG_WARN_OBJC_LITERAL_CONVERSION = YES;
				CLANG_WARN_OBJC_ROOT_CLASS = YES_ERROR;
				CLANG_WARN_QUOTED_INCLUDE_IN_FRAMEWORK_HEADER = YES;
				CLANG_WARN_RANGE_LOOP_ANALYSIS = YES;
				CLANG_WARN_STRICT_PROTOTYPES = YES;
				CLANG_WARN_SUSPICIOUS_MOVE = YES;
				CLANG_WARN_UNGUARDED_AVAILABILITY = YES_AGGRESSIVE;
				CLANG_WARN_UNREACHABLE_CODE = YES;
				CLANG_WARN__DUPLICATE_METHOD_MATCH = YES;
				COPY_PHASE_STRIP = NO;
				DEBUG_INFORMATION_FORMAT = dwarf;
				ENABLE_STRICT_OBJC_MSGSEND = YES;
				ENABLE_TESTABILITY = YES;
				ENABLE_USER_SCRIPT_SANDBOXING = YES;
				GCC_C_LANGUAGE_STANDARD = gnu17;
				GCC_DYNAMIC_NO_PIC = NO;
				GCC_NO_COMMON_BLOCKS = YES;
				GCC_OPTIMIZATION_LEVEL = 0;
				GCC_PREPROCESSOR_DEFINITIONS = (
					"DEBUG=1",
					"$(inherited)",
				);
				GCC_WARN_64_TO_32_BIT_CONVERSION = YES;
				GCC_WARN_ABOUT_RETURN_TYPE = YES_ERROR;
				GCC_WARN_UNDECLARED_SELECTOR = YES;
				GCC_WARN_UNINITIALIZED_AUTOS = YES_AGGRESSIVE;
				GCC_WARN_UNUSED_FUNCTION = YES;
				GCC_WARN_UNUSED_VARIABLE = YES;
				IPHONEOS_DEPLOYMENT_TARGET = 17.5;
				LOCALIZATION_PREFERS_STRING_CATALOGS = YES;
				MTL_ENABLE_DEBUG_INFO = INCLUDE_SOURCE;
				MTL_FAST_MATH = YES;
				ONLY_ACTIVE_ARCH = YES;
				SDKROOT = iphoneos;
				SWIFT_ACTIVE_COMPILATION_CONDITIONS = "DEBUG $(inherited)";
				SWIFT_OPTIMIZATION_LEVEL = "-Onone";
			};
			name = Debug;
		};
		AB2A725A2CDDBFD20027C64A /* Release */ = {
			isa = XCBuildConfiguration;
			buildSettings = {
				ALWAYS_SEARCH_USER_PATHS = NO;
				ASSETCATALOG_COMPILER_GENERATE_SWIFT_ASSET_SYMBOL_EXTENSIONS = YES;
				CLANG_ANALYZER_NONNULL = YES;
				CLANG_ANALYZER_NUMBER_OBJECT_CONVERSION = YES_AGGRESSIVE;
				CLANG_CXX_LANGUAGE_STANDARD = "gnu++20";
				CLANG_ENABLE_MODULES = YES;
				CLANG_ENABLE_OBJC_ARC = YES;
				CLANG_ENABLE_OBJC_WEAK = YES;
				CLANG_WARN_BLOCK_CAPTURE_AUTORELEASING = YES;
				CLANG_WARN_BOOL_CONVERSION = YES;
				CLANG_WARN_COMMA = YES;
				CLANG_WARN_CONSTANT_CONVERSION = YES;
				CLANG_WARN_DEPRECATED_OBJC_IMPLEMENTATIONS = YES;
				CLANG_WARN_DIRECT_OBJC_ISA_USAGE = YES_ERROR;
				CLANG_WARN_DOCUMENTATION_COMMENTS = YES;
				CLANG_WARN_EMPTY_BODY = YES;
				CLANG_WARN_ENUM_CONVERSION = YES;
				CLANG_WARN_INFINITE_RECURSION = YES;
				CLANG_WARN_INT_CONVERSION = YES;
				CLANG_WARN_NON_LITERAL_NULL_CONVERSION = YES;
				CLANG_WARN_OBJC_IMPLICIT_RETAIN_SELF = YES;
				CLANG_WARN_OBJC_LITERAL_CONVERSION = YES;
				CLANG_WARN_OBJC_ROOT_CLASS = YES_ERROR;
				CLANG_WARN_QUOTED_INCLUDE_IN_FRAMEWORK_HEADER = YES;
				CLANG_WARN_RANGE_LOOP_ANALYSIS = YES;
				CLANG_WARN_STRICT_PROTOTYPES = YES;
				CLANG_WARN_SUSPICIOUS_MOVE = YES;
				CLANG_WARN_UNGUARDED_AVAILABILITY = YES_AGGRESSIVE;
				CLANG_WARN_UNREACHABLE_CODE = YES;
				CLANG_WARN__DUPLICATE_METHOD_MATCH = YES;
				COPY_PHASE_STRIP = NO;
				DEBUG_INFORMATION_FORMAT = "dwarf-with-dsym";
				ENABLE_NS_ASSERTIONS = NO;
				ENABLE_STRICT_OBJC_MSGSEND = YES;
				ENABLE_USER_SCRIPT_SANDBOXING = YES;
				GCC_C_LANGUAGE_STANDARD = gnu17;
				GCC_NO_COMMON_BLOCKS = YES;
				GCC_WARN_64_TO_32_BIT_CONVERSION = YES;
				GCC_WARN_ABOUT_RETURN_TYPE = YES_ERROR;
				GCC_WARN_UNDECLARED_SELECTOR = YES;
				GCC_WARN_UNINITIALIZED_AUTOS = YES_AGGRESSIVE;
				GCC_WARN_UNUSED_FUNCTION = YES;
				GCC_WARN_UNUSED_VARIABLE = YES;
				IPHONEOS_DEPLOYMENT_TARGET = 17.5;
				LOCALIZATION_PREFERS_STRING_CATALOGS = YES;
				MTL_ENABLE_DEBUG_INFO = NO;
				MTL_FAST_MATH = YES;
				SDKROOT = iphoneos;
				SWIFT_COMPILATION_MODE = wholemodule;
				VALIDATE_PRODUCT = YES;
			};
			name = Release;
		};
		AB2A725C2CDDBFD20027C64A /* Debug */ = {
			isa = XCBuildConfiguration;
			buildSettings = {
				ASSETCATALOG_COMPILER_APPICON_NAME = AppIcon;
				ASSETCATALOG_COMPILER_GLOBAL_ACCENT_COLOR_NAME = AccentColor;
				CODE_SIGN_STYLE = Automatic;
				CURRENT_PROJECT_VERSION = 1;
				DEVELOPMENT_ASSET_PATHS = "\"Handmade/Preview Content\"";
				ENABLE_PREVIEWS = YES;
				GENERATE_INFOPLIST_FILE = YES;
				INFOPLIST_KEY_UIApplicationSceneManifest_Generation = YES;
				INFOPLIST_KEY_UIApplicationSupportsIndirectInputEvents = YES;
				INFOPLIST_KEY_UILaunchScreen_Generation = YES;
				INFOPLIST_KEY_UISupportedInterfaceOrientations_iPad = "UIInterfaceOrientationPortrait UIInterfaceOrientationPortraitUpsideDown UIInterfaceOrientationLandscapeLeft UIInterfaceOrientationLandscapeRight";
				INFOPLIST_KEY_UISupportedInterfaceOrientations_iPhone = "UIInterfaceOrientationPortrait UIInterfaceOrientationLandscapeLeft UIInterfaceOrientationLandscapeRight";
				LD_RUNPATH_SEARCH_PATHS = (
					"$(inherited)",
					"@executable_path/Frameworks",
				);
				MARKETING_VERSION = 1.0;
				PRODUCT_BUNDLE_IDENTIFIER = me.f.alex.Handmade;
				PRODUCT_NAME = "$(TARGET_NAME)";
				SWIFT_EMIT_LOC_STRINGS = YES;
				SWIFT_VERSION = 5.0;
				TARGETED_DEVICE_FAMILY = "1,2";
			};
			name = Debug;
		};
		AB2A725D2CDDBFD20027C64A /* Release */ = {
			isa = XCBuildConfiguration;
			buildSettings = {
				ASSETCATALOG_COMPILER_APPICON_NAME = AppIcon;
				ASSETCATALOG_COMPILER_GLOBAL_ACCENT_COLOR_NAME = AccentColor;
				CODE_SIGN_STYLE = Automatic;
				CURRENT_PROJECT_VERSION = 1;
				DEVELOPMENT_ASSET_PATHS = "\"Handmade/Preview Content\"";
				ENABLE_PREVIEWS = YES;
				GENERATE_INFOPLIST_FILE = YES;
				INFOPLIST_KEY_UIApplicationSceneManifest_Generation = YES;
				INFOPLIST_KEY_UIApplicationSupportsIndirectInputEvents = YES;
				INFOPLIST_KEY_UILaunchScreen_Generation = YES;
				INFOPLIST_KEY_UISupportedInterfaceOrientations_iPad = "UIInterfaceOrientationPortrait UIInterfaceOrientationPortraitUpsideDown UIInterfaceOrientationLandscapeLeft UIInterfaceOrientationLandscapeRight";
				INFOPLIST_KEY_UISupportedInterfaceOrientations_iPhone = "UIInterfaceOrientationPortrait UIInterfaceOrientationLandscapeLeft UIInterfaceOrientationLandscapeRight";
				LD_RUNPATH_SEARCH_PATHS = (
					"$(inherited)",
					"@executable_path/Frameworks",
				);
				MARKETING_VERSION = 1.0;
				PRODUCT_BUNDLE_IDENTIFIER = me.f.alex.Handmade;
				PRODUCT_NAME = "$(TARGET_NAME)";
				SWIFT_EMIT_LOC_STRINGS = YES;
				SWIFT_VERSION = 5.0;
				TARGETED_DEVICE_FAMILY = "1,2";
			};
			name = Release;
		};
		AB2A725F2CDDBFD20027C64A /* Debug */ = {
			isa = XCBuildConfiguration;
			buildSettings = {
				ALWAYS_EMBED_SWIFT_STANDARD_LIBRARIES = YES;
				BUNDLE_LOADER = "$(TEST_HOST)";
				CODE_SIGN_STYLE = Automatic;
				CURRENT_PROJECT_VERSION = 1;
				GENERATE_INFOPLIST_FILE = YES;
				IPHONEOS_DEPLOYMENT_TARGET = 17.5;
				MARKETING_VERSION = 1.0;
				PRODUCT_BUNDLE_IDENTIFIER = me.f.alex.HandmadeTests;
				PRODUCT_NAME = "$(TARGET_NAME)";
				SWIFT_EMIT_LOC_STRINGS = NO;
				SWIFT_VERSION = 5.0;
				TARGETED_DEVICE_FAMILY = "1,2";
				TEST_HOST = "$(BUILT_PRODUCTS_DIR)/Handmade.app/$(BUNDLE_EXECUTABLE_FOLDER_PATH)/Handmade";
			};
			name = Debug;
		};
		AB2A72602CDDBFD20027C64A /* Release */ = {
			isa = XCBuildConfiguration;
			buildSettings = {
				ALWAYS_EMBED_SWIFT_STANDARD_LIBRARIES = YES;
				BUNDLE_LOADER = "$(TEST_HOST)";
				CODE_SIGN_STYLE = Automatic;
				CURRENT_PROJECT_VERSION = 1;
				GENERATE_INFOPLIST_FILE = YES;
				IPHONEOS_DEPLOYMENT_TARGET = 17.5;
				MARKETING_VERSION = 1.0;
				PRODUCT_BUNDLE_IDENTIFIER = me.f.alex.HandmadeTests;
				PRODUCT_NAME = "$(TARGET_NAME)";
				SWIFT_EMIT_LOC_STRINGS = NO;
				SWIFT_VERSION = 5.0;
				TARGETED_DEVICE_FAMILY = "1,2";
				TEST_HOST = "$(BUILT_PRODUCTS_DIR)/Handmade.app/$(BUNDLE_EXECUTABLE_FOLDER_PATH)/Handmade";
			};
			name = Release;
		};
		AB2A72622CDDBFD20027C64A /* Debug */ = {
			isa = XCBuildConfiguration;
			buildSettings = {
				ALWAYS_EMBED_SWIFT_STANDARD_LIBRARIES = YES;
				CODE_SIGN_STYLE = Automatic;
				CURRENT_PROJECT_VERSION = 1;
				GENERATE_INFOPLIST_FILE = YES;
				MARKETING_VERSION = 1.0;
				PRODUCT_BUNDLE_IDENTIFIER = me.f.alex.HandmadeUITests;
				PRODUCT_NAME = "$(TARGET_NAME)";
				SWIFT_EMIT_LOC_STRINGS = NO;
				SWIFT_VERSION = 5.0;
				TARGETED_DEVICE_FAMILY = "1,2";
				TEST_TARGET_NAME = Handmade;
			};
			name = Debug;
		};
		AB2A72632CDDBFD20027C64A /* Release */ = {
			isa = XCBuildConfiguration;
			buildSettings = {
				ALWAYS_EMBED_SWIFT_STANDARD_LIBRARIES = YES;
				CODE_SIGN_STYLE = Automatic;
				CURRENT_PROJECT_VERSION = 1;
				GENERATE_INFOPLIST_FILE = YES;
				MARKETING_VERSION = 1.0;
				PRODUCT_BUNDLE_IDENTIFIER = me.f.alex.HandmadeUITests;
				PRODUCT_NAME = "$(TARGET_NAME)";
				SWIFT_EMIT_LOC_STRINGS = NO;
				SWIFT_VERSION = 5.0;
				TARGETED_DEVICE_FAMILY = "1,2";
				TEST_TARGET_NAME = Handmade;
			};
			name = Release;
		};
/* End XCBuildConfiguration section */

/* Begin XCConfigurationList section */
		AB2A72322CDDBFCE0027C64A /* Build configuration list for PBXProject "Handmade" */ = {
			isa = XCConfigurationList;
			buildConfigurations = (
				AB2A72592CDDBFD20027C64A /* Debug */,
				AB2A725A2CDDBFD20027C64A /* Release */,
			);
			defaultConfigurationIsVisible = 0;
			defaultConfigurationName = Release;
		};
		AB2A725B2CDDBFD20027C64A /* Build configuration list for PBXNativeTarget "Handmade" */ = {
			isa = XCConfigurationList;
			buildConfigurations = (
				AB2A725C2CDDBFD20027C64A /* Debug */,
				AB2A725D2CDDBFD20027C64A /* Release */,
			);
			defaultConfigurationIsVisible = 0;
			defaultConfigurationName = Release;
		};
		AB2A725E2CDDBFD20027C64A /* Build configuration list for PBXNativeTarget "HandmadeTests" */ = {
			isa = XCConfigurationList;
			buildConfigurations = (
				AB2A725F2CDDBFD20027C64A /* Debug */,
				AB2A72602CDDBFD20027C64A /* Release */,
			);
			defaultConfigurationIsVisible = 0;
			defaultConfigurationName = Release;
		};
		AB2A72612CDDBFD20027C64A /* Build configuration list for PBXNativeTarget "HandmadeUITests" */ = {
			isa = XCConfigurationList;
			buildConfigurations = (
				AB2A72622CDDBFD20027C64A /* Debug */,
				AB2A72632CDDBFD20027C64A /* Release */,
			);
			defaultConfigurationIsVisible = 0;
			defaultConfigurationName = Release;
		};
/* End XCConfigurationList section */

/* Begin XCRemoteSwiftPackageReference section */
		AB2A726A2CDDC27E0027C64A /* XCRemoteSwiftPackageReference "firebase-ios-sdk" */ = {
			isa = XCRemoteSwiftPackageReference;
			repositoryURL = "https://github.com/firebase/firebase-ios-sdk.git";
			requirement = {
				kind = upToNextMajorVersion;
				minimumVersion = 11.4.0;
			};
		};
/* End XCRemoteSwiftPackageReference section */

/* Begin XCSwiftPackageProductDependency section */
		AB2A726B2CDDC27F0027C64A /* FirebaseAnalytics */ = {
			isa = XCSwiftPackageProductDependency;
			package = AB2A726A2CDDC27E0027C64A /* XCRemoteSwiftPackageReference "firebase-ios-sdk" */;
			productName = FirebaseAnalytics;
		};
		AB2A726D2CDDC27F0027C64A /* FirebaseAnalyticsOnDeviceConversion */ = {
			isa = XCSwiftPackageProductDependency;
			package = AB2A726A2CDDC27E0027C64A /* XCRemoteSwiftPackageReference "firebase-ios-sdk" */;
			productName = FirebaseAnalyticsOnDeviceConversion;
		};
		AB2A726F2CDDC27F0027C64A /* FirebaseAnalyticsWithoutAdIdSupport */ = {
			isa = XCSwiftPackageProductDependency;
			package = AB2A726A2CDDC27E0027C64A /* XCRemoteSwiftPackageReference "firebase-ios-sdk" */;
			productName = FirebaseAnalyticsWithoutAdIdSupport;
		};
		AB2A72712CDDC27F0027C64A /* FirebaseAuth */ = {
			isa = XCSwiftPackageProductDependency;
			package = AB2A726A2CDDC27E0027C64A /* XCRemoteSwiftPackageReference "firebase-ios-sdk" */;
			productName = FirebaseAuth;
		};
		AB2A72732CDDC27F0027C64A /* FirebaseCore */ = {
			isa = XCSwiftPackageProductDependency;
			package = AB2A726A2CDDC27E0027C64A /* XCRemoteSwiftPackageReference "firebase-ios-sdk" */;
			productName = FirebaseCore;
		};
		AB2A72752CDDC27F0027C64A /* FirebaseDatabase */ = {
			isa = XCSwiftPackageProductDependency;
			package = AB2A726A2CDDC27E0027C64A /* XCRemoteSwiftPackageReference "firebase-ios-sdk" */;
			productName = FirebaseDatabase;
		};
		AB2A72772CDDC27F0027C64A /* FirebaseFirestore */ = {
			isa = XCSwiftPackageProductDependency;
			package = AB2A726A2CDDC27E0027C64A /* XCRemoteSwiftPackageReference "firebase-ios-sdk" */;
			productName = FirebaseFirestore;
		};
		AB2A72792CDDC27F0027C64A /* FirebaseFirestoreCombine-Community */ = {
			isa = XCSwiftPackageProductDependency;
			package = AB2A726A2CDDC27E0027C64A /* XCRemoteSwiftPackageReference "firebase-ios-sdk" */;
			productName = "FirebaseFirestoreCombine-Community";
		};
/* End XCSwiftPackageProductDependency section */
	};
	rootObject = AB2A722F2CDDBFCE0027C64A /* Project object */;
}
